// !$*UTF8*$!
{
	archiveVersion = 1;
	classes = {
	};
	objectVersion = 56;
	objects = {

/* Begin PBXBuildFile section */
		0E41310F2ADE42A4003C226D /* AppDelegate.swift in Sources */ = {isa = PBXBuildFile; fileRef = 0E41310E2ADE42A4003C226D /* AppDelegate.swift */; };
		0E4131112ADE42A4003C226D /* SceneDelegate.swift in Sources */ = {isa = PBXBuildFile; fileRef = 0E4131102ADE42A4003C226D /* SceneDelegate.swift */; };
		0E4131132ADE42A4003C226D /* MainViewController.swift in Sources */ = {isa = PBXBuildFile; fileRef = 0E4131122ADE42A4003C226D /* MainViewController.swift */; };
		0E4131162ADE42A4003C226D /* Main.storyboard in Resources */ = {isa = PBXBuildFile; fileRef = 0E4131142ADE42A4003C226D /* Main.storyboard */; };
		0E4131182ADE42A6003C226D /* Assets.xcassets in Resources */ = {isa = PBXBuildFile; fileRef = 0E4131172ADE42A6003C226D /* Assets.xcassets */; };
		0E41311B2ADE42A6003C226D /* LaunchScreen.storyboard in Resources */ = {isa = PBXBuildFile; fileRef = 0E4131192ADE42A6003C226D /* LaunchScreen.storyboard */; };
		0E4131262ADE42A6003C226D /* GitHubDemoApp_UIKITTests.swift in Sources */ = {isa = PBXBuildFile; fileRef = 0E4131252ADE42A6003C226D /* GitHubDemoApp_UIKITTests.swift */; };
		0E4131302ADE42A6003C226D /* GitHubDemoApp_UIKITUITests.swift in Sources */ = {isa = PBXBuildFile; fileRef = 0E41312F2ADE42A6003C226D /* GitHubDemoApp_UIKITUITests.swift */; };
		0E4131322ADE42A6003C226D /* GitHubDemoApp_UIKITUITestsLaunchTests.swift in Sources */ = {isa = PBXBuildFile; fileRef = 0E4131312ADE42A6003C226D /* GitHubDemoApp_UIKITUITestsLaunchTests.swift */; };
		8FB643E3D27AE0E8A82BD36C /* Pods_GitHubDemoApp_UIKITTests.framework in Frameworks */ = {isa = PBXBuildFile; fileRef = 122864458B99A3A8BEF95D3E /* Pods_GitHubDemoApp_UIKITTests.framework */; };
		B78BAE623C5707F4246033F1 /* Pods_GitHubDemoApp_UIKIT_GitHubDemoApp_UIKITUITests.framework in Frameworks */ = {isa = PBXBuildFile; fileRef = 03444D165C539B9DE69ADB33 /* Pods_GitHubDemoApp_UIKIT_GitHubDemoApp_UIKITUITests.framework */; };
		E94620856E4083D72F5C4B91 /* Pods_GitHubDemoApp_UIKIT.framework in Frameworks */ = {isa = PBXBuildFile; fileRef = 50E16078D48FA1D7EF83B83B /* Pods_GitHubDemoApp_UIKIT.framework */; };
/* End PBXBuildFile section */

/* Begin PBXContainerItemProxy section */
		0E4131222ADE42A6003C226D /* PBXContainerItemProxy */ = {
			isa = PBXContainerItemProxy;
			containerPortal = 0E4131032ADE42A4003C226D /* Project object */;
			proxyType = 1;
			remoteGlobalIDString = 0E41310A2ADE42A4003C226D;
			remoteInfo = "GitHubDemoApp-UIKIT";
		};
		0E41312C2ADE42A6003C226D /* PBXContainerItemProxy */ = {
			isa = PBXContainerItemProxy;
			containerPortal = 0E4131032ADE42A4003C226D /* Project object */;
			proxyType = 1;
			remoteGlobalIDString = 0E41310A2ADE42A4003C226D;
			remoteInfo = "GitHubDemoApp-UIKIT";
		};
/* End PBXContainerItemProxy section */

/* Begin PBXFileReference section */
		03444D165C539B9DE69ADB33 /* Pods_GitHubDemoApp_UIKIT_GitHubDemoApp_UIKITUITests.framework */ = {isa = PBXFileReference; explicitFileType = wrapper.framework; includeInIndex = 0; path = Pods_GitHubDemoApp_UIKIT_GitHubDemoApp_UIKITUITests.framework; sourceTree = BUILT_PRODUCTS_DIR; };
		0BDCDD4B63A40B2C26A55971 /* Pods-GitHubDemoApp-UIKIT.debug.xcconfig */ = {isa = PBXFileReference; includeInIndex = 1; lastKnownFileType = text.xcconfig; name = "Pods-GitHubDemoApp-UIKIT.debug.xcconfig"; path = "Target Support Files/Pods-GitHubDemoApp-UIKIT/Pods-GitHubDemoApp-UIKIT.debug.xcconfig"; sourceTree = "<group>"; };
		0E41310B2ADE42A4003C226D /* GitHubDemoApp-UIKIT.app */ = {isa = PBXFileReference; explicitFileType = wrapper.application; includeInIndex = 0; path = "GitHubDemoApp-UIKIT.app"; sourceTree = BUILT_PRODUCTS_DIR; };
		0E41310E2ADE42A4003C226D /* AppDelegate.swift */ = {isa = PBXFileReference; lastKnownFileType = sourcecode.swift; path = AppDelegate.swift; sourceTree = "<group>"; };
		0E4131102ADE42A4003C226D /* SceneDelegate.swift */ = {isa = PBXFileReference; lastKnownFileType = sourcecode.swift; path = SceneDelegate.swift; sourceTree = "<group>"; };
		0E4131122ADE42A4003C226D /* MainViewController.swift */ = {isa = PBXFileReference; lastKnownFileType = sourcecode.swift; path = MainViewController.swift; sourceTree = "<group>"; };
		0E4131152ADE42A4003C226D /* Base */ = {isa = PBXFileReference; lastKnownFileType = file.storyboard; name = Base; path = Base.lproj/Main.storyboard; sourceTree = "<group>"; };
		0E4131172ADE42A6003C226D /* Assets.xcassets */ = {isa = PBXFileReference; lastKnownFileType = folder.assetcatalog; path = Assets.xcassets; sourceTree = "<group>"; };
		0E41311A2ADE42A6003C226D /* Base */ = {isa = PBXFileReference; lastKnownFileType = file.storyboard; name = Base; path = Base.lproj/LaunchScreen.storyboard; sourceTree = "<group>"; };
		0E41311C2ADE42A6003C226D /* Info.plist */ = {isa = PBXFileReference; lastKnownFileType = text.plist.xml; path = Info.plist; sourceTree = "<group>"; };
		0E4131212ADE42A6003C226D /* GitHubDemoApp-UIKITTests.xctest */ = {isa = PBXFileReference; explicitFileType = wrapper.cfbundle; includeInIndex = 0; path = "GitHubDemoApp-UIKITTests.xctest"; sourceTree = BUILT_PRODUCTS_DIR; };
		0E4131252ADE42A6003C226D /* GitHubDemoApp_UIKITTests.swift */ = {isa = PBXFileReference; lastKnownFileType = sourcecode.swift; path = GitHubDemoApp_UIKITTests.swift; sourceTree = "<group>"; };
		0E41312B2ADE42A6003C226D /* GitHubDemoApp-UIKITUITests.xctest */ = {isa = PBXFileReference; explicitFileType = wrapper.cfbundle; includeInIndex = 0; path = "GitHubDemoApp-UIKITUITests.xctest"; sourceTree = BUILT_PRODUCTS_DIR; };
		0E41312F2ADE42A6003C226D /* GitHubDemoApp_UIKITUITests.swift */ = {isa = PBXFileReference; lastKnownFileType = sourcecode.swift; path = GitHubDemoApp_UIKITUITests.swift; sourceTree = "<group>"; };
		0E4131312ADE42A6003C226D /* GitHubDemoApp_UIKITUITestsLaunchTests.swift */ = {isa = PBXFileReference; lastKnownFileType = sourcecode.swift; path = GitHubDemoApp_UIKITUITestsLaunchTests.swift; sourceTree = "<group>"; };
		122864458B99A3A8BEF95D3E /* Pods_GitHubDemoApp_UIKITTests.framework */ = {isa = PBXFileReference; explicitFileType = wrapper.framework; includeInIndex = 0; path = Pods_GitHubDemoApp_UIKITTests.framework; sourceTree = BUILT_PRODUCTS_DIR; };
		1CC09F3EAC7B8EF7ABCE5362 /* Pods-GitHubDemoApp-UIKIT-GitHubDemoApp-UIKITUITests.debug.xcconfig */ = {isa = PBXFileReference; includeInIndex = 1; lastKnownFileType = text.xcconfig; name = "Pods-GitHubDemoApp-UIKIT-GitHubDemoApp-UIKITUITests.debug.xcconfig"; path = "Target Support Files/Pods-GitHubDemoApp-UIKIT-GitHubDemoApp-UIKITUITests/Pods-GitHubDemoApp-UIKIT-GitHubDemoApp-UIKITUITests.debug.xcconfig"; sourceTree = "<group>"; };
		3D6DFEBF26BCEA81F3DDFAD7 /* Pods-GitHubDemoApp-UIKITTests.release.xcconfig */ = {isa = PBXFileReference; includeInIndex = 1; lastKnownFileType = text.xcconfig; name = "Pods-GitHubDemoApp-UIKITTests.release.xcconfig"; path = "Target Support Files/Pods-GitHubDemoApp-UIKITTests/Pods-GitHubDemoApp-UIKITTests.release.xcconfig"; sourceTree = "<group>"; };
		50E16078D48FA1D7EF83B83B /* Pods_GitHubDemoApp_UIKIT.framework */ = {isa = PBXFileReference; explicitFileType = wrapper.framework; includeInIndex = 0; path = Pods_GitHubDemoApp_UIKIT.framework; sourceTree = BUILT_PRODUCTS_DIR; };
		58D8EBEFD21D5604A020E975 /* Pods-GitHubDemoApp-UIKIT-GitHubDemoApp-UIKITUITests.release.xcconfig */ = {isa = PBXFileReference; includeInIndex = 1; lastKnownFileType = text.xcconfig; name = "Pods-GitHubDemoApp-UIKIT-GitHubDemoApp-UIKITUITests.release.xcconfig"; path = "Target Support Files/Pods-GitHubDemoApp-UIKIT-GitHubDemoApp-UIKITUITests/Pods-GitHubDemoApp-UIKIT-GitHubDemoApp-UIKITUITests.release.xcconfig"; sourceTree = "<group>"; };
		DAC5FA0232151C950A931B88 /* Pods-GitHubDemoApp-UIKITTests.debug.xcconfig */ = {isa = PBXFileReference; includeInIndex = 1; lastKnownFileType = text.xcconfig; name = "Pods-GitHubDemoApp-UIKITTests.debug.xcconfig"; path = "Target Support Files/Pods-GitHubDemoApp-UIKITTests/Pods-GitHubDemoApp-UIKITTests.debug.xcconfig"; sourceTree = "<group>"; };
		F87FD7FCE6946A72AE66636E /* Pods-GitHubDemoApp-UIKIT.release.xcconfig */ = {isa = PBXFileReference; includeInIndex = 1; lastKnownFileType = text.xcconfig; name = "Pods-GitHubDemoApp-UIKIT.release.xcconfig"; path = "Target Support Files/Pods-GitHubDemoApp-UIKIT/Pods-GitHubDemoApp-UIKIT.release.xcconfig"; sourceTree = "<group>"; };
/* End PBXFileReference section */

/* Begin PBXFrameworksBuildPhase section */
		0E4131082ADE42A4003C226D /* Frameworks */ = {
			isa = PBXFrameworksBuildPhase;
			buildActionMask = 2147483647;
			files = (
				E94620856E4083D72F5C4B91 /* Pods_GitHubDemoApp_UIKIT.framework in Frameworks */,
			);
			runOnlyForDeploymentPostprocessing = 0;
		};
		0E41311E2ADE42A6003C226D /* Frameworks */ = {
			isa = PBXFrameworksBuildPhase;
			buildActionMask = 2147483647;
			files = (
				8FB643E3D27AE0E8A82BD36C /* Pods_GitHubDemoApp_UIKITTests.framework in Frameworks */,
			);
			runOnlyForDeploymentPostprocessing = 0;
		};
		0E4131282ADE42A6003C226D /* Frameworks */ = {
			isa = PBXFrameworksBuildPhase;
			buildActionMask = 2147483647;
			files = (
				B78BAE623C5707F4246033F1 /* Pods_GitHubDemoApp_UIKIT_GitHubDemoApp_UIKITUITests.framework in Frameworks */,
			);
			runOnlyForDeploymentPostprocessing = 0;
		};
/* End PBXFrameworksBuildPhase section */

/* Begin PBXGroup section */
		0E4131022ADE42A4003C226D = {
			isa = PBXGroup;
			children = (
				0E41310D2ADE42A4003C226D /* GitHubDemoApp-UIKIT */,
				0E4131242ADE42A6003C226D /* GitHubDemoApp-UIKITTests */,
				0E41312E2ADE42A6003C226D /* GitHubDemoApp-UIKITUITests */,
				0E41310C2ADE42A4003C226D /* Products */,
				AE6B4CF23BCFF4BF55A16EB0 /* Pods */,
				3EA40AA53DA6CD420837408E /* Frameworks */,
			);
			sourceTree = "<group>";
		};
		0E41310C2ADE42A4003C226D /* Products */ = {
			isa = PBXGroup;
			children = (
				0E41310B2ADE42A4003C226D /* GitHubDemoApp-UIKIT.app */,
				0E4131212ADE42A6003C226D /* GitHubDemoApp-UIKITTests.xctest */,
				0E41312B2ADE42A6003C226D /* GitHubDemoApp-UIKITUITests.xctest */,
			);
			name = Products;
			sourceTree = "<group>";
		};
		0E41310D2ADE42A4003C226D /* GitHubDemoApp-UIKIT */ = {
			isa = PBXGroup;
			children = (
				0E41310E2ADE42A4003C226D /* AppDelegate.swift */,
				0E4131102ADE42A4003C226D /* SceneDelegate.swift */,
				0E4131122ADE42A4003C226D /* MainViewController.swift */,
				0E4131142ADE42A4003C226D /* Main.storyboard */,
				0E4131172ADE42A6003C226D /* Assets.xcassets */,
				0E4131192ADE42A6003C226D /* LaunchScreen.storyboard */,
				0E41311C2ADE42A6003C226D /* Info.plist */,
			);
			path = "GitHubDemoApp-UIKIT";
			sourceTree = "<group>";
		};
		0E4131242ADE42A6003C226D /* GitHubDemoApp-UIKITTests */ = {
			isa = PBXGroup;
			children = (
				0E4131252ADE42A6003C226D /* GitHubDemoApp_UIKITTests.swift */,
			);
			path = "GitHubDemoApp-UIKITTests";
			sourceTree = "<group>";
		};
		0E41312E2ADE42A6003C226D /* GitHubDemoApp-UIKITUITests */ = {
			isa = PBXGroup;
			children = (
				0E41312F2ADE42A6003C226D /* GitHubDemoApp_UIKITUITests.swift */,
				0E4131312ADE42A6003C226D /* GitHubDemoApp_UIKITUITestsLaunchTests.swift */,
			);
			path = "GitHubDemoApp-UIKITUITests";
			sourceTree = "<group>";
		};
		3EA40AA53DA6CD420837408E /* Frameworks */ = {
			isa = PBXGroup;
			children = (
				50E16078D48FA1D7EF83B83B /* Pods_GitHubDemoApp_UIKIT.framework */,
				03444D165C539B9DE69ADB33 /* Pods_GitHubDemoApp_UIKIT_GitHubDemoApp_UIKITUITests.framework */,
				122864458B99A3A8BEF95D3E /* Pods_GitHubDemoApp_UIKITTests.framework */,
			);
			name = Frameworks;
			sourceTree = "<group>";
		};
		AE6B4CF23BCFF4BF55A16EB0 /* Pods */ = {
			isa = PBXGroup;
			children = (
				0BDCDD4B63A40B2C26A55971 /* Pods-GitHubDemoApp-UIKIT.debug.xcconfig */,
				F87FD7FCE6946A72AE66636E /* Pods-GitHubDemoApp-UIKIT.release.xcconfig */,
				1CC09F3EAC7B8EF7ABCE5362 /* Pods-GitHubDemoApp-UIKIT-GitHubDemoApp-UIKITUITests.debug.xcconfig */,
				58D8EBEFD21D5604A020E975 /* Pods-GitHubDemoApp-UIKIT-GitHubDemoApp-UIKITUITests.release.xcconfig */,
				DAC5FA0232151C950A931B88 /* Pods-GitHubDemoApp-UIKITTests.debug.xcconfig */,
				3D6DFEBF26BCEA81F3DDFAD7 /* Pods-GitHubDemoApp-UIKITTests.release.xcconfig */,
			);
			name = Pods;
			path = Pods;
			sourceTree = "<group>";
		};
/* End PBXGroup section */

/* Begin PBXNativeTarget section */
		0E41310A2ADE42A4003C226D /* GitHubDemoApp-UIKIT */ = {
			isa = PBXNativeTarget;
			buildConfigurationList = 0E4131352ADE42A6003C226D /* Build configuration list for PBXNativeTarget "GitHubDemoApp-UIKIT" */;
			buildPhases = (
				FD030EFCADB551DCCD4508E9 /* [CP] Check Pods Manifest.lock */,
				0E4131072ADE42A4003C226D /* Sources */,
				0E4131082ADE42A4003C226D /* Frameworks */,
				0E4131092ADE42A4003C226D /* Resources */,
				384A3A6F4213741F447D01B5 /* [CP] Embed Pods Frameworks */,
			);
			buildRules = (
			);
			dependencies = (
			);
			name = "GitHubDemoApp-UIKIT";
			productName = "GitHubDemoApp-UIKIT";
			productReference = 0E41310B2ADE42A4003C226D /* GitHubDemoApp-UIKIT.app */;
			productType = "com.apple.product-type.application";
		};
		0E4131202ADE42A6003C226D /* GitHubDemoApp-UIKITTests */ = {
			isa = PBXNativeTarget;
			buildConfigurationList = 0E4131382ADE42A6003C226D /* Build configuration list for PBXNativeTarget "GitHubDemoApp-UIKITTests" */;
			buildPhases = (
				D495C4E0E9B93EC2B25344EF /* [CP] Check Pods Manifest.lock */,
				0E41311D2ADE42A6003C226D /* Sources */,
				0E41311E2ADE42A6003C226D /* Frameworks */,
				0E41311F2ADE42A6003C226D /* Resources */,
				4D8921750ADEEAF311B480E5 /* [CP] Embed Pods Frameworks */,
			);
			buildRules = (
			);
			dependencies = (
				0E4131232ADE42A6003C226D /* PBXTargetDependency */,
			);
			name = "GitHubDemoApp-UIKITTests";
			productName = "GitHubDemoApp-UIKITTests";
			productReference = 0E4131212ADE42A6003C226D /* GitHubDemoApp-UIKITTests.xctest */;
			productType = "com.apple.product-type.bundle.unit-test";
		};
		0E41312A2ADE42A6003C226D /* GitHubDemoApp-UIKITUITests */ = {
			isa = PBXNativeTarget;
			buildConfigurationList = 0E41313B2ADE42A6003C226D /* Build configuration list for PBXNativeTarget "GitHubDemoApp-UIKITUITests" */;
			buildPhases = (
				786D3EAFB5D878297ED0A304 /* [CP] Check Pods Manifest.lock */,
				0E4131272ADE42A6003C226D /* Sources */,
				0E4131282ADE42A6003C226D /* Frameworks */,
				0E4131292ADE42A6003C226D /* Resources */,
				7C555D555062C1655AE641C8 /* [CP] Embed Pods Frameworks */,
			);
			buildRules = (
			);
			dependencies = (
				0E41312D2ADE42A6003C226D /* PBXTargetDependency */,
			);
			name = "GitHubDemoApp-UIKITUITests";
			productName = "GitHubDemoApp-UIKITUITests";
			productReference = 0E41312B2ADE42A6003C226D /* GitHubDemoApp-UIKITUITests.xctest */;
			productType = "com.apple.product-type.bundle.ui-testing";
		};
/* End PBXNativeTarget section */

/* Begin PBXProject section */
		0E4131032ADE42A4003C226D /* Project object */ = {
			isa = PBXProject;
			attributes = {
				BuildIndependentTargetsInParallel = 1;
				LastSwiftUpdateCheck = 1500;
				LastUpgradeCheck = 1500;
				TargetAttributes = {
					0E41310A2ADE42A4003C226D = {
						CreatedOnToolsVersion = 15.0;
					};
					0E4131202ADE42A6003C226D = {
						CreatedOnToolsVersion = 15.0;
						TestTargetID = 0E41310A2ADE42A4003C226D;
					};
					0E41312A2ADE42A6003C226D = {
						CreatedOnToolsVersion = 15.0;
						TestTargetID = 0E41310A2ADE42A4003C226D;
					};
				};
			};
			buildConfigurationList = 0E4131062ADE42A4003C226D /* Build configuration list for PBXProject "GitHubDemoApp-UIKIT" */;
			compatibilityVersion = "Xcode 14.0";
			developmentRegion = en;
			hasScannedForEncodings = 0;
			knownRegions = (
				en,
				Base,
			);
			mainGroup = 0E4131022ADE42A4003C226D;
			productRefGroup = 0E41310C2ADE42A4003C226D /* Products */;
			projectDirPath = "";
			projectRoot = "";
			targets = (
				0E41310A2ADE42A4003C226D /* GitHubDemoApp-UIKIT */,
				0E4131202ADE42A6003C226D /* GitHubDemoApp-UIKITTests */,
				0E41312A2ADE42A6003C226D /* GitHubDemoApp-UIKITUITests */,
			);
		};
/* End PBXProject section */

/* Begin PBXResourcesBuildPhase section */
		0E4131092ADE42A4003C226D /* Resources */ = {
			isa = PBXResourcesBuildPhase;
			buildActionMask = 2147483647;
			files = (
				0E41311B2ADE42A6003C226D /* LaunchScreen.storyboard in Resources */,
				0E4131182ADE42A6003C226D /* Assets.xcassets in Resources */,
				0E4131162ADE42A4003C226D /* Main.storyboard in Resources */,
			);
			runOnlyForDeploymentPostprocessing = 0;
		};
		0E41311F2ADE42A6003C226D /* Resources */ = {
			isa = PBXResourcesBuildPhase;
			buildActionMask = 2147483647;
			files = (
			);
			runOnlyForDeploymentPostprocessing = 0;
		};
		0E4131292ADE42A6003C226D /* Resources */ = {
			isa = PBXResourcesBuildPhase;
			buildActionMask = 2147483647;
			files = (
			);
			runOnlyForDeploymentPostprocessing = 0;
		};
/* End PBXResourcesBuildPhase section */

/* Begin PBXShellScriptBuildPhase section */
		384A3A6F4213741F447D01B5 /* [CP] Embed Pods Frameworks */ = {
			isa = PBXShellScriptBuildPhase;
			buildActionMask = 2147483647;
			files = (
			);
			inputFileListPaths = (
				"${PODS_ROOT}/Target Support Files/Pods-GitHubDemoApp-UIKIT/Pods-GitHubDemoApp-UIKIT-frameworks-${CONFIGURATION}-input-files.xcfilelist",
			);
			name = "[CP] Embed Pods Frameworks";
			outputFileListPaths = (
				"${PODS_ROOT}/Target Support Files/Pods-GitHubDemoApp-UIKIT/Pods-GitHubDemoApp-UIKIT-frameworks-${CONFIGURATION}-output-files.xcfilelist",
			);
			runOnlyForDeploymentPostprocessing = 0;
			shellPath = /bin/sh;
			shellScript = "\"${PODS_ROOT}/Target Support Files/Pods-GitHubDemoApp-UIKIT/Pods-GitHubDemoApp-UIKIT-frameworks.sh\"\n";
			showEnvVarsInLog = 0;
		};
		4D8921750ADEEAF311B480E5 /* [CP] Embed Pods Frameworks */ = {
			isa = PBXShellScriptBuildPhase;
			buildActionMask = 2147483647;
			files = (
			);
			inputFileListPaths = (
				"${PODS_ROOT}/Target Support Files/Pods-GitHubDemoApp-UIKITTests/Pods-GitHubDemoApp-UIKITTests-frameworks-${CONFIGURATION}-input-files.xcfilelist",
			);
			name = "[CP] Embed Pods Frameworks";
			outputFileListPaths = (
				"${PODS_ROOT}/Target Support Files/Pods-GitHubDemoApp-UIKITTests/Pods-GitHubDemoApp-UIKITTests-frameworks-${CONFIGURATION}-output-files.xcfilelist",
			);
			runOnlyForDeploymentPostprocessing = 0;
			shellPath = /bin/sh;
			shellScript = "\"${PODS_ROOT}/Target Support Files/Pods-GitHubDemoApp-UIKITTests/Pods-GitHubDemoApp-UIKITTests-frameworks.sh\"\n";
			showEnvVarsInLog = 0;
		};
		786D3EAFB5D878297ED0A304 /* [CP] Check Pods Manifest.lock */ = {
			isa = PBXShellScriptBuildPhase;
			buildActionMask = 2147483647;
			files = (
			);
			inputFileListPaths = (
			);
			inputPaths = (
				"${PODS_PODFILE_DIR_PATH}/Podfile.lock",
				"${PODS_ROOT}/Manifest.lock",
			);
			name = "[CP] Check Pods Manifest.lock";
			outputFileListPaths = (
			);
			outputPaths = (
				"$(DERIVED_FILE_DIR)/Pods-GitHubDemoApp-UIKIT-GitHubDemoApp-UIKITUITests-checkManifestLockResult.txt",
			);
			runOnlyForDeploymentPostprocessing = 0;
			shellPath = /bin/sh;
			shellScript = "diff \"${PODS_PODFILE_DIR_PATH}/Podfile.lock\" \"${PODS_ROOT}/Manifest.lock\" > /dev/null\nif [ $? != 0 ] ; then\n    # print error to STDERR\n    echo \"error: The sandbox is not in sync with the Podfile.lock. Run 'pod install' or update your CocoaPods installation.\" >&2\n    exit 1\nfi\n# This output is used by Xcode 'outputs' to avoid re-running this script phase.\necho \"SUCCESS\" > \"${SCRIPT_OUTPUT_FILE_0}\"\n";
			showEnvVarsInLog = 0;
		};
		7C555D555062C1655AE641C8 /* [CP] Embed Pods Frameworks */ = {
			isa = PBXShellScriptBuildPhase;
			buildActionMask = 2147483647;
			files = (
			);
			inputFileListPaths = (
				"${PODS_ROOT}/Target Support Files/Pods-GitHubDemoApp-UIKIT-GitHubDemoApp-UIKITUITests/Pods-GitHubDemoApp-UIKIT-GitHubDemoApp-UIKITUITests-frameworks-${CONFIGURATION}-input-files.xcfilelist",
			);
			name = "[CP] Embed Pods Frameworks";
			outputFileListPaths = (
				"${PODS_ROOT}/Target Support Files/Pods-GitHubDemoApp-UIKIT-GitHubDemoApp-UIKITUITests/Pods-GitHubDemoApp-UIKIT-GitHubDemoApp-UIKITUITests-frameworks-${CONFIGURATION}-output-files.xcfilelist",
			);
			runOnlyForDeploymentPostprocessing = 0;
			shellPath = /bin/sh;
			shellScript = "\"${PODS_ROOT}/Target Support Files/Pods-GitHubDemoApp-UIKIT-GitHubDemoApp-UIKITUITests/Pods-GitHubDemoApp-UIKIT-GitHubDemoApp-UIKITUITests-frameworks.sh\"\n";
			showEnvVarsInLog = 0;
		};
		D495C4E0E9B93EC2B25344EF /* [CP] Check Pods Manifest.lock */ = {
			isa = PBXShellScriptBuildPhase;
			buildActionMask = 2147483647;
			files = (
			);
			inputFileListPaths = (
			);
			inputPaths = (
				"${PODS_PODFILE_DIR_PATH}/Podfile.lock",
				"${PODS_ROOT}/Manifest.lock",
			);
			name = "[CP] Check Pods Manifest.lock";
			outputFileListPaths = (
			);
			outputPaths = (
				"$(DERIVED_FILE_DIR)/Pods-GitHubDemoApp-UIKITTests-checkManifestLockResult.txt",
			);
			runOnlyForDeploymentPostprocessing = 0;
			shellPath = /bin/sh;
			shellScript = "diff \"${PODS_PODFILE_DIR_PATH}/Podfile.lock\" \"${PODS_ROOT}/Manifest.lock\" > /dev/null\nif [ $? != 0 ] ; then\n    # print error to STDERR\n    echo \"error: The sandbox is not in sync with the Podfile.lock. Run 'pod install' or update your CocoaPods installation.\" >&2\n    exit 1\nfi\n# This output is used by Xcode 'outputs' to avoid re-running this script phase.\necho \"SUCCESS\" > \"${SCRIPT_OUTPUT_FILE_0}\"\n";
			showEnvVarsInLog = 0;
		};
		FD030EFCADB551DCCD4508E9 /* [CP] Check Pods Manifest.lock */ = {
			isa = PBXShellScriptBuildPhase;
			buildActionMask = 2147483647;
			files = (
			);
			inputFileListPaths = (
			);
			inputPaths = (
				"${PODS_PODFILE_DIR_PATH}/Podfile.lock",
				"${PODS_ROOT}/Manifest.lock",
			);
			name = "[CP] Check Pods Manifest.lock";
			outputFileListPaths = (
			);
			outputPaths = (
				"$(DERIVED_FILE_DIR)/Pods-GitHubDemoApp-UIKIT-checkManifestLockResult.txt",
			);
			runOnlyForDeploymentPostprocessing = 0;
			shellPath = /bin/sh;
			shellScript = "diff \"${PODS_PODFILE_DIR_PATH}/Podfile.lock\" \"${PODS_ROOT}/Manifest.lock\" > /dev/null\nif [ $? != 0 ] ; then\n    # print error to STDERR\n    echo \"error: The sandbox is not in sync with the Podfile.lock. Run 'pod install' or update your CocoaPods installation.\" >&2\n    exit 1\nfi\n# This output is used by Xcode 'outputs' to avoid re-running this script phase.\necho \"SUCCESS\" > \"${SCRIPT_OUTPUT_FILE_0}\"\n";
			showEnvVarsInLog = 0;
		};
/* End PBXShellScriptBuildPhase section */

/* Begin PBXSourcesBuildPhase section */
		0E4131072ADE42A4003C226D /* Sources */ = {
			isa = PBXSourcesBuildPhase;
			buildActionMask = 2147483647;
			files = (
				0E4131132ADE42A4003C226D /* MainViewController.swift in Sources */,
				0E41310F2ADE42A4003C226D /* AppDelegate.swift in Sources */,
				0E4131112ADE42A4003C226D /* SceneDelegate.swift in Sources */,
			);
			runOnlyForDeploymentPostprocessing = 0;
		};
		0E41311D2ADE42A6003C226D /* Sources */ = {
			isa = PBXSourcesBuildPhase;
			buildActionMask = 2147483647;
			files = (
				0E4131262ADE42A6003C226D /* GitHubDemoApp_UIKITTests.swift in Sources */,
			);
			runOnlyForDeploymentPostprocessing = 0;
		};
		0E4131272ADE42A6003C226D /* Sources */ = {
			isa = PBXSourcesBuildPhase;
			buildActionMask = 2147483647;
			files = (
				0E4131302ADE42A6003C226D /* GitHubDemoApp_UIKITUITests.swift in Sources */,
				0E4131322ADE42A6003C226D /* GitHubDemoApp_UIKITUITestsLaunchTests.swift in Sources */,
			);
			runOnlyForDeploymentPostprocessing = 0;
		};
/* End PBXSourcesBuildPhase section */

/* Begin PBXTargetDependency section */
		0E4131232ADE42A6003C226D /* PBXTargetDependency */ = {
			isa = PBXTargetDependency;
			target = 0E41310A2ADE42A4003C226D /* GitHubDemoApp-UIKIT */;
			targetProxy = 0E4131222ADE42A6003C226D /* PBXContainerItemProxy */;
		};
		0E41312D2ADE42A6003C226D /* PBXTargetDependency */ = {
			isa = PBXTargetDependency;
			target = 0E41310A2ADE42A4003C226D /* GitHubDemoApp-UIKIT */;
			targetProxy = 0E41312C2ADE42A6003C226D /* PBXContainerItemProxy */;
		};
/* End PBXTargetDependency section */

/* Begin PBXVariantGroup section */
		0E4131142ADE42A4003C226D /* Main.storyboard */ = {
			isa = PBXVariantGroup;
			children = (
				0E4131152ADE42A4003C226D /* Base */,
			);
			name = Main.storyboard;
			sourceTree = "<group>";
		};
		0E4131192ADE42A6003C226D /* LaunchScreen.storyboard */ = {
			isa = PBXVariantGroup;
			children = (
				0E41311A2ADE42A6003C226D /* Base */,
			);
			name = LaunchScreen.storyboard;
			sourceTree = "<group>";
		};
/* End PBXVariantGroup section */

/* Begin XCBuildConfiguration section */
		0E4131332ADE42A6003C226D /* Debug */ = {
			isa = XCBuildConfiguration;
			buildSettings = {
				ALWAYS_SEARCH_USER_PATHS = NO;
				ASSETCATALOG_COMPILER_GENERATE_SWIFT_ASSET_SYMBOL_EXTENSIONS = YES;
				CLANG_ANALYZER_NONNULL = YES;
				CLANG_ANALYZER_NUMBER_OBJECT_CONVERSION = YES_AGGRESSIVE;
				CLANG_CXX_LANGUAGE_STANDARD = "gnu++20";
				CLANG_ENABLE_MODULES = YES;
				CLANG_ENABLE_OBJC_ARC = YES;
				CLANG_ENABLE_OBJC_WEAK = YES;
				CLANG_WARN_BLOCK_CAPTURE_AUTORELEASING = YES;
				CLANG_WARN_BOOL_CONVERSION = YES;
				CLANG_WARN_COMMA = YES;
				CLANG_WARN_CONSTANT_CONVERSION = YES;
				CLANG_WARN_DEPRECATED_OBJC_IMPLEMENTATIONS = YES;
				CLANG_WARN_DIRECT_OBJC_ISA_USAGE = YES_ERROR;
				CLANG_WARN_DOCUMENTATION_COMMENTS = YES;
				CLANG_WARN_EMPTY_BODY = YES;
				CLANG_WARN_ENUM_CONVERSION = YES;
				CLANG_WARN_INFINITE_RECURSION = YES;
				CLANG_WARN_INT_CONVERSION = YES;
				CLANG_WARN_NON_LITERAL_NULL_CONVERSION = YES;
				CLANG_WARN_OBJC_IMPLICIT_RETAIN_SELF = YES;
				CLANG_WARN_OBJC_LITERAL_CONVERSION = YES;
				CLANG_WARN_OBJC_ROOT_CLASS = YES_ERROR;
				CLANG_WARN_QUOTED_INCLUDE_IN_FRAMEWORK_HEADER = YES;
				CLANG_WARN_RANGE_LOOP_ANALYSIS = YES;
				CLANG_WARN_STRICT_PROTOTYPES = YES;
				CLANG_WARN_SUSPICIOUS_MOVE = YES;
				CLANG_WARN_UNGUARDED_AVAILABILITY = YES_AGGRESSIVE;
				CLANG_WARN_UNREACHABLE_CODE = YES;
				CLANG_WARN__DUPLICATE_METHOD_MATCH = YES;
				COPY_PHASE_STRIP = NO;
				DEBUG_INFORMATION_FORMAT = dwarf;
				ENABLE_STRICT_OBJC_MSGSEND = YES;
				ENABLE_TESTABILITY = YES;
				ENABLE_USER_SCRIPT_SANDBOXING = YES;
				GCC_C_LANGUAGE_STANDARD = gnu17;
				GCC_DYNAMIC_NO_PIC = NO;
				GCC_NO_COMMON_BLOCKS = YES;
				GCC_OPTIMIZATION_LEVEL = 0;
				GCC_PREPROCESSOR_DEFINITIONS = (
					"DEBUG=1",
					"$(inherited)",
				);
				GCC_WARN_64_TO_32_BIT_CONVERSION = YES;
				GCC_WARN_ABOUT_RETURN_TYPE = YES_ERROR;
				GCC_WARN_UNDECLARED_SELECTOR = YES;
				GCC_WARN_UNINITIALIZED_AUTOS = YES_AGGRESSIVE;
				GCC_WARN_UNUSED_FUNCTION = YES;
				GCC_WARN_UNUSED_VARIABLE = YES;
				IPHONEOS_DEPLOYMENT_TARGET = 17.0;
				LOCALIZATION_PREFERS_STRING_CATALOGS = YES;
				MTL_ENABLE_DEBUG_INFO = INCLUDE_SOURCE;
				MTL_FAST_MATH = YES;
				ONLY_ACTIVE_ARCH = YES;
				SDKROOT = iphoneos;
				SWIFT_ACTIVE_COMPILATION_CONDITIONS = "DEBUG $(inherited)";
				SWIFT_OPTIMIZATION_LEVEL = "-Onone";
			};
			name = Debug;
		};
		0E4131342ADE42A6003C226D /* Release */ = {
			isa = XCBuildConfiguration;
			buildSettings = {
				ALWAYS_SEARCH_USER_PATHS = NO;
				ASSETCATALOG_COMPILER_GENERATE_SWIFT_ASSET_SYMBOL_EXTENSIONS = YES;
				CLANG_ANALYZER_NONNULL = YES;
				CLANG_ANALYZER_NUMBER_OBJECT_CONVERSION = YES_AGGRESSIVE;
				CLANG_CXX_LANGUAGE_STANDARD = "gnu++20";
				CLANG_ENABLE_MODULES = YES;
				CLANG_ENABLE_OBJC_ARC = YES;
				CLANG_ENABLE_OBJC_WEAK = YES;
				CLANG_WARN_BLOCK_CAPTURE_AUTORELEASING = YES;
				CLANG_WARN_BOOL_CONVERSION = YES;
				CLANG_WARN_COMMA = YES;
				CLANG_WARN_CONSTANT_CONVERSION = YES;
				CLANG_WARN_DEPRECATED_OBJC_IMPLEMENTATIONS = YES;
				CLANG_WARN_DIRECT_OBJC_ISA_USAGE = YES_ERROR;
				CLANG_WARN_DOCUMENTATION_COMMENTS = YES;
				CLANG_WARN_EMPTY_BODY = YES;
				CLANG_WARN_ENUM_CONVERSION = YES;
				CLANG_WARN_INFINITE_RECURSION = YES;
				CLANG_WARN_INT_CONVERSION = YES;
				CLANG_WARN_NON_LITERAL_NULL_CONVERSION = YES;
				CLANG_WARN_OBJC_IMPLICIT_RETAIN_SELF = YES;
				CLANG_WARN_OBJC_LITERAL_CONVERSION = YES;
				CLANG_WARN_OBJC_ROOT_CLASS = YES_ERROR;
				CLANG_WARN_QUOTED_INCLUDE_IN_FRAMEWORK_HEADER = YES;
				CLANG_WARN_RANGE_LOOP_ANALYSIS = YES;
				CLANG_WARN_STRICT_PROTOTYPES = YES;
				CLANG_WARN_SUSPICIOUS_MOVE = YES;
				CLANG_WARN_UNGUARDED_AVAILABILITY = YES_AGGRESSIVE;
				CLANG_WARN_UNREACHABLE_CODE = YES;
				CLANG_WARN__DUPLICATE_METHOD_MATCH = YES;
				COPY_PHASE_STRIP = NO;
				DEBUG_INFORMATION_FORMAT = "dwarf-with-dsym";
				ENABLE_NS_ASSERTIONS = NO;
				ENABLE_STRICT_OBJC_MSGSEND = YES;
				ENABLE_USER_SCRIPT_SANDBOXING = YES;
				GCC_C_LANGUAGE_STANDARD = gnu17;
				GCC_NO_COMMON_BLOCKS = YES;
				GCC_WARN_64_TO_32_BIT_CONVERSION = YES;
				GCC_WARN_ABOUT_RETURN_TYPE = YES_ERROR;
				GCC_WARN_UNDECLARED_SELECTOR = YES;
				GCC_WARN_UNINITIALIZED_AUTOS = YES_AGGRESSIVE;
				GCC_WARN_UNUSED_FUNCTION = YES;
				GCC_WARN_UNUSED_VARIABLE = YES;
				IPHONEOS_DEPLOYMENT_TARGET = 17.0;
				LOCALIZATION_PREFERS_STRING_CATALOGS = YES;
				MTL_ENABLE_DEBUG_INFO = NO;
				MTL_FAST_MATH = YES;
				SDKROOT = iphoneos;
				SWIFT_COMPILATION_MODE = wholemodule;
				VALIDATE_PRODUCT = YES;
			};
			name = Release;
		};
		0E4131362ADE42A6003C226D /* Debug */ = {
			isa = XCBuildConfiguration;
			baseConfigurationReference = 0BDCDD4B63A40B2C26A55971 /* Pods-GitHubDemoApp-UIKIT.debug.xcconfig */;
			buildSettings = {
				ASSETCATALOG_COMPILER_APPICON_NAME = AppIcon;
				ASSETCATALOG_COMPILER_GLOBAL_ACCENT_COLOR_NAME = AccentColor;
				CODE_SIGN_STYLE = Automatic;
				CURRENT_PROJECT_VERSION = 1;
				DEVELOPMENT_TEAM = L5L8NPUFF8;
				GENERATE_INFOPLIST_FILE = YES;
				INFOPLIST_FILE = "GitHubDemoApp-UIKIT/Info.plist";
				INFOPLIST_KEY_UIApplicationSupportsIndirectInputEvents = YES;
				INFOPLIST_KEY_UILaunchStoryboardName = LaunchScreen;
				INFOPLIST_KEY_UIMainStoryboardFile = Main;
				INFOPLIST_KEY_UISupportedInterfaceOrientations_iPad = "UIInterfaceOrientationPortrait UIInterfaceOrientationPortraitUpsideDown UIInterfaceOrientationLandscapeLeft UIInterfaceOrientationLandscapeRight";
				INFOPLIST_KEY_UISupportedInterfaceOrientations_iPhone = "UIInterfaceOrientationPortrait UIInterfaceOrientationLandscapeLeft UIInterfaceOrientationLandscapeRight";
				LD_RUNPATH_SEARCH_PATHS = (
					"$(inherited)",
					"@executable_path/Frameworks",
				);
				MARKETING_VERSION = 1.0;
				PRODUCT_BUNDLE_IDENTIFIER = "zolivar.GitHubDemoApp-UIKIT";
				PRODUCT_NAME = "$(TARGET_NAME)";
				SWIFT_EMIT_LOC_STRINGS = YES;
				SWIFT_VERSION = 5.0;
				TARGETED_DEVICE_FAMILY = "1,2";
			};
			name = Debug;
		};
		0E4131372ADE42A6003C226D /* Release */ = {
			isa = XCBuildConfiguration;
			baseConfigurationReference = F87FD7FCE6946A72AE66636E /* Pods-GitHubDemoApp-UIKIT.release.xcconfig */;
			buildSettings = {
				ASSETCATALOG_COMPILER_APPICON_NAME = AppIcon;
				ASSETCATALOG_COMPILER_GLOBAL_ACCENT_COLOR_NAME = AccentColor;
				CODE_SIGN_STYLE = Automatic;
				CURRENT_PROJECT_VERSION = 1;
				DEVELOPMENT_TEAM = L5L8NPUFF8;
				GENERATE_INFOPLIST_FILE = YES;
				INFOPLIST_FILE = "GitHubDemoApp-UIKIT/Info.plist";
				INFOPLIST_KEY_UIApplicationSupportsIndirectInputEvents = YES;
				INFOPLIST_KEY_UILaunchStoryboardName = LaunchScreen;
				INFOPLIST_KEY_UIMainStoryboardFile = Main;
				INFOPLIST_KEY_UISupportedInterfaceOrientations_iPad = "UIInterfaceOrientationPortrait UIInterfaceOrientationPortraitUpsideDown UIInterfaceOrientationLandscapeLeft UIInterfaceOrientationLandscapeRight";
				INFOPLIST_KEY_UISupportedInterfaceOrientations_iPhone = "UIInterfaceOrientationPortrait UIInterfaceOrientationLandscapeLeft UIInterfaceOrientationLandscapeRight";
				LD_RUNPATH_SEARCH_PATHS = (
					"$(inherited)",
					"@executable_path/Frameworks",
				);
				MARKETING_VERSION = 1.0;
				PRODUCT_BUNDLE_IDENTIFIER = "zolivar.GitHubDemoApp-UIKIT";
				PRODUCT_NAME = "$(TARGET_NAME)";
				SWIFT_EMIT_LOC_STRINGS = YES;
				SWIFT_VERSION = 5.0;
				TARGETED_DEVICE_FAMILY = "1,2";
			};
			name = Release;
		};
		0E4131392ADE42A6003C226D /* Debug */ = {
			isa = XCBuildConfiguration;
			baseConfigurationReference = DAC5FA0232151C950A931B88 /* Pods-GitHubDemoApp-UIKITTests.debug.xcconfig */;
			buildSettings = {
				ALWAYS_EMBED_SWIFT_STANDARD_LIBRARIES = YES;
				BUNDLE_LOADER = "$(TEST_HOST)";
				CODE_SIGN_STYLE = Automatic;
				CURRENT_PROJECT_VERSION = 1;
				DEVELOPMENT_TEAM = L5L8NPUFF8;
				GENERATE_INFOPLIST_FILE = YES;
				IPHONEOS_DEPLOYMENT_TARGET = 17.0;
				MARKETING_VERSION = 1.0;
				PRODUCT_BUNDLE_IDENTIFIER = "zolivar.GitHubDemoApp-UIKITTests";
				PRODUCT_NAME = "$(TARGET_NAME)";
				SWIFT_EMIT_LOC_STRINGS = NO;
				SWIFT_VERSION = 5.0;
				TARGETED_DEVICE_FAMILY = "1,2";
				TEST_HOST = "$(BUILT_PRODUCTS_DIR)/GitHubDemoApp-UIKIT.app/$(BUNDLE_EXECUTABLE_FOLDER_PATH)/GitHubDemoApp-UIKIT";
			};
			name = Debug;
		};
		0E41313A2ADE42A6003C226D /* Release */ = {
			isa = XCBuildConfiguration;
			baseConfigurationReference = 3D6DFEBF26BCEA81F3DDFAD7 /* Pods-GitHubDemoApp-UIKITTests.release.xcconfig */;
			buildSettings = {
				ALWAYS_EMBED_SWIFT_STANDARD_LIBRARIES = YES;
				BUNDLE_LOADER = "$(TEST_HOST)";
				CODE_SIGN_STYLE = Automatic;
				CURRENT_PROJECT_VERSION = 1;
				DEVELOPMENT_TEAM = L5L8NPUFF8;
				GENERATE_INFOPLIST_FILE = YES;
				IPHONEOS_DEPLOYMENT_TARGET = 17.0;
				MARKETING_VERSION = 1.0;
				PRODUCT_BUNDLE_IDENTIFIER = "zolivar.GitHubDemoApp-UIKITTests";
				PRODUCT_NAME = "$(TARGET_NAME)";
				SWIFT_EMIT_LOC_STRINGS = NO;
				SWIFT_VERSION = 5.0;
				TARGETED_DEVICE_FAMILY = "1,2";
				TEST_HOST = "$(BUILT_PRODUCTS_DIR)/GitHubDemoApp-UIKIT.app/$(BUNDLE_EXECUTABLE_FOLDER_PATH)/GitHubDemoApp-UIKIT";
			};
			name = Release;
		};
		0E41313C2ADE42A6003C226D /* Debug */ = {
			isa = XCBuildConfiguration;
			baseConfigurationReference = 1CC09F3EAC7B8EF7ABCE5362 /* Pods-GitHubDemoApp-UIKIT-GitHubDemoApp-UIKITUITests.debug.xcconfig */;
			buildSettings = {
				ALWAYS_EMBED_SWIFT_STANDARD_LIBRARIES = YES;
				CODE_SIGN_STYLE = Automatic;
				CURRENT_PROJECT_VERSION = 1;
				DEVELOPMENT_TEAM = L5L8NPUFF8;
				GENERATE_INFOPLIST_FILE = YES;
				MARKETING_VERSION = 1.0;
				PRODUCT_BUNDLE_IDENTIFIER = "zolivar.GitHubDemoApp-UIKITUITests";
				PRODUCT_NAME = "$(TARGET_NAME)";
				SWIFT_EMIT_LOC_STRINGS = NO;
				SWIFT_VERSION = 5.0;
				TARGETED_DEVICE_FAMILY = "1,2";
				TEST_TARGET_NAME = "GitHubDemoApp-UIKIT";
			};
			name = Debug;
		};
		0E41313D2ADE42A6003C226D /* Release */ = {
			isa = XCBuildConfiguration;
			baseConfigurationReference = 58D8EBEFD21D5604A020E975 /* Pods-GitHubDemoApp-UIKIT-GitHubDemoApp-UIKITUITests.release.xcconfig */;
			buildSettings = {
				ALWAYS_EMBED_SWIFT_STANDARD_LIBRARIES = YES;
				CODE_SIGN_STYLE = Automatic;
				CURRENT_PROJECT_VERSION = 1;
				DEVELOPMENT_TEAM = L5L8NPUFF8;
				GENERATE_INFOPLIST_FILE = YES;
				MARKETING_VERSION = 1.0;
				PRODUCT_BUNDLE_IDENTIFIER = "zolivar.GitHubDemoApp-UIKITUITests";
				PRODUCT_NAME = "$(TARGET_NAME)";
				SWIFT_EMIT_LOC_STRINGS = NO;
				SWIFT_VERSION = 5.0;
				TARGETED_DEVICE_FAMILY = "1,2";
				TEST_TARGET_NAME = "GitHubDemoApp-UIKIT";
			};
			name = Release;
		};
/* End XCBuildConfiguration section */

/* Begin XCConfigurationList section */
		0E4131062ADE42A4003C226D /* Build configuration list for PBXProject "GitHubDemoApp-UIKIT" */ = {
			isa = XCConfigurationList;
			buildConfigurations = (
				0E4131332ADE42A6003C226D /* Debug */,
				0E4131342ADE42A6003C226D /* Release */,
			);
			defaultConfigurationIsVisible = 0;
			defaultConfigurationName = Release;
		};
		0E4131352ADE42A6003C226D /* Build configuration list for PBXNativeTarget "GitHubDemoApp-UIKIT" */ = {
			isa = XCConfigurationList;
			buildConfigurations = (
				0E4131362ADE42A6003C226D /* Debug */,
				0E4131372ADE42A6003C226D /* Release */,
			);
			defaultConfigurationIsVisible = 0;
			defaultConfigurationName = Release;
		};
		0E4131382ADE42A6003C226D /* Build configuration list for PBXNativeTarget "GitHubDemoApp-UIKITTests" */ = {
			isa = XCConfigurationList;
			buildConfigurations = (
				0E4131392ADE42A6003C226D /* Debug */,
				0E41313A2ADE42A6003C226D /* Release */,
			);
			defaultConfigurationIsVisible = 0;
			defaultConfigurationName = Release;
		};
		0E41313B2ADE42A6003C226D /* Build configuration list for PBXNativeTarget "GitHubDemoApp-UIKITUITests" */ = {
			isa = XCConfigurationList;
			buildConfigurations = (
				0E41313C2ADE42A6003C226D /* Debug */,
				0E41313D2ADE42A6003C226D /* Release */,
			);
			defaultConfigurationIsVisible = 0;
			defaultConfigurationName = Release;
		};
/* End XCConfigurationList section */
	};
	rootObject = 0E4131032ADE42A4003C226D /* Project object */;
}
